
Microsoft Visual Studio Solution File, Format Version 12.00
# Visual Studio 15
VisualStudioVersion = 15.0.27130.2036
MinimumVisualStudioVersion = 10.0.40219.1
Project("{2150E333-8FDC-42A3-9474-1A3956D46DE8}") = "Src", "Src", "{E5304575-2E0D-470D-9DE8-41036F0BCA9D}"
EndProject
Project("{FAE04EC0-301F-11D3-BF4B-00C04F79EFBC}") = "MVVM.Core", "MVVM\MVVM.Core\MVVM.Core.csproj", "{509C9A14-5099-405B-9447-19A4DA5D9C06}"
EndProject
Project("{FAE04EC0-301F-11D3-BF4B-00C04F79EFBC}") = "MVVM.Droid", "MVVM\MVVM.Droid\MVVM.Droid.csproj", "{CC2FFC1E-FE0C-4909-9D74-5CD696E32BDD}"
EndProject
Project("{FAE04EC0-301F-11D3-BF4B-00C04F79EFBC}") = "MVVM.iOS", "MVVM\MVVM.iOS\MVVM.iOS.csproj", "{C59B4400-406C-4259-932F-8B566F8BEBA5}"
EndProject
Project("{FAE04EC0-301F-11D3-BF4B-00C04F79EFBC}") = "MVVM.UWP", "MVVM\MVVM.UWP\MVVM.UWP.csproj", "{B124BA3A-3C3B-4BFF-BDC2-C145A1609DCE}"
EndProject
Project("{2150E333-8FDC-42A3-9474-1A3956D46DE8}") = "Tests", "Tests", "{040698EB-37C8-4CF2-91A6-8FA1CD8E066B}"
EndProject
Project("{FAE04EC0-301F-11D3-BF4B-00C04F79EFBC}") = "MVVM.UITests", "MVVM\MVVM.UITests\MVVM.UITests.csproj", "{EEAA4C38-5B53-4942-B740-BA7A686D2FE4}"
EndProject
Project("{FAE04EC0-301F-11D3-BF4B-00C04F79EFBC}") = "MVVM.UnitTests", "MVVM\MVVM.UnitTests\MVVM.UnitTests.csproj", "{D8577040-B009-440E-81A5-D8DA47839AF8}"
EndProject
Global
	GlobalSection(SolutionConfigurationPlatforms) = preSolution
		Ad-Hoc|Any CPU = Ad-Hoc|Any CPU
		Ad-Hoc|ARM = Ad-Hoc|ARM
		Ad-Hoc|iPhone = Ad-Hoc|iPhone
		Ad-Hoc|iPhoneSimulator = Ad-Hoc|iPhoneSimulator
		Ad-Hoc|x64 = Ad-Hoc|x64
		Ad-Hoc|x86 = Ad-Hoc|x86
		AppStore|Any CPU = AppStore|Any CPU
		AppStore|ARM = AppStore|ARM
		AppStore|iPhone = AppStore|iPhone
		AppStore|iPhoneSimulator = AppStore|iPhoneSimulator
		AppStore|x64 = AppStore|x64
		AppStore|x86 = AppStore|x86
		Debug|Any CPU = Debug|Any CPU
		Debug|ARM = Debug|ARM
		Debug|iPhone = Debug|iPhone
		Debug|iPhoneSimulator = Debug|iPhoneSimulator
		Debug|x64 = Debug|x64
		Debug|x86 = Debug|x86
		Release|Any CPU = Release|Any CPU
		Release|ARM = Release|ARM
		Release|iPhone = Release|iPhone
		Release|iPhoneSimulator = Release|iPhoneSimulator
		Release|x64 = Release|x64
		Release|x86 = Release|x86
	EndGlobalSection
	GlobalSection(ProjectConfigurationPlatforms) = postSolution
		{509C9A14-5099-405B-9447-19A4DA5D9C06}.Ad-Hoc|Any CPU.ActiveCfg = Release|Any CPU
		{509C9A14-5099-405B-9447-19A4DA5D9C06}.Ad-Hoc|Any CPU.Build.0 = Release|Any CPU
		{509C9A14-5099-405B-9447-19A4DA5D9C06}.Ad-Hoc|ARM.ActiveCfg = Release|Any CPU
		{509C9A14-5099-405B-9447-19A4DA5D9C06}.Ad-Hoc|ARM.Build.0 = Release|Any CPU
		{509C9A14-5099-405B-9447-19A4DA5D9C06}.Ad-Hoc|iPhone.ActiveCfg = Release|Any CPU
		{509C9A14-5099-405B-9447-19A4DA5D9C06}.Ad-Hoc|iPhone.Build.0 = Release|Any CPU
		{509C9A14-5099-405B-9447-19A4DA5D9C06}.Ad-Hoc|iPhoneSimulator.ActiveCfg = Release|Any CPU
		{509C9A14-5099-405B-9447-19A4DA5D9C06}.Ad-Hoc|iPhoneSimulator.Build.0 = Release|Any CPU
		{509C9A14-5099-405B-9447-19A4DA5D9C06}.Ad-Hoc|x64.ActiveCfg = Release|Any CPU
		{509C9A14-5099-405B-9447-19A4DA5D9C06}.Ad-Hoc|x64.Build.0 = Release|Any CPU
		{509C9A14-5099-405B-9447-19A4DA5D9C06}.Ad-Hoc|x86.ActiveCfg = Release|Any CPU
		{509C9A14-5099-405B-9447-19A4DA5D9C06}.Ad-Hoc|x86.Build.0 = Release|Any CPU
		{509C9A14-5099-405B-9447-19A4DA5D9C06}.AppStore|Any CPU.ActiveCfg = Release|Any CPU
		{509C9A14-5099-405B-9447-19A4DA5D9C06}.AppStore|Any CPU.Build.0 = Release|Any CPU
		{509C9A14-5099-405B-9447-19A4DA5D9C06}.AppStore|ARM.ActiveCfg = Release|Any CPU
		{509C9A14-5099-405B-9447-19A4DA5D9C06}.AppStore|ARM.Build.0 = Release|Any CPU
		{509C9A14-5099-405B-9447-19A4DA5D9C06}.AppStore|iPhone.ActiveCfg = Release|Any CPU
		{509C9A14-5099-405B-9447-19A4DA5D9C06}.AppStore|iPhone.Build.0 = Release|Any CPU
		{509C9A14-5099-405B-9447-19A4DA5D9C06}.AppStore|iPhoneSimulator.ActiveCfg = Release|Any CPU
		{509C9A14-5099-405B-9447-19A4DA5D9C06}.AppStore|iPhoneSimulator.Build.0 = Release|Any CPU
		{509C9A14-5099-405B-9447-19A4DA5D9C06}.AppStore|x64.ActiveCfg = Release|Any CPU
		{509C9A14-5099-405B-9447-19A4DA5D9C06}.AppStore|x64.Build.0 = Release|Any CPU
		{509C9A14-5099-405B-9447-19A4DA5D9C06}.AppStore|x86.ActiveCfg = Release|Any CPU
		{509C9A14-5099-405B-9447-19A4DA5D9C06}.AppStore|x86.Build.0 = Release|Any CPU
		{509C9A14-5099-405B-9447-19A4DA5D9C06}.Debug|Any CPU.ActiveCfg = Debug|Any CPU
		{509C9A14-5099-405B-9447-19A4DA5D9C06}.Debug|Any CPU.Build.0 = Debug|Any CPU
		{509C9A14-5099-405B-9447-19A4DA5D9C06}.Debug|ARM.ActiveCfg = Debug|Any CPU
		{509C9A14-5099-405B-9447-19A4DA5D9C06}.Debug|ARM.Build.0 = Debug|Any CPU
		{509C9A14-5099-405B-9447-19A4DA5D9C06}.Debug|iPhone.ActiveCfg = Debug|Any CPU
		{509C9A14-5099-405B-9447-19A4DA5D9C06}.Debug|iPhone.Build.0 = Debug|Any CPU
		{509C9A14-5099-405B-9447-19A4DA5D9C06}.Debug|iPhoneSimulator.ActiveCfg = Debug|Any CPU
		{509C9A14-5099-405B-9447-19A4DA5D9C06}.Debug|iPhoneSimulator.Build.0 = Debug|Any CPU
		{509C9A14-5099-405B-9447-19A4DA5D9C06}.Debug|x64.ActiveCfg = Debug|Any CPU
		{509C9A14-5099-405B-9447-19A4DA5D9C06}.Debug|x64.Build.0 = Debug|Any CPU
		{509C9A14-5099-405B-9447-19A4DA5D9C06}.Debug|x86.ActiveCfg = Debug|Any CPU
		{509C9A14-5099-405B-9447-19A4DA5D9C06}.Debug|x86.Build.0 = Debug|Any CPU
		{509C9A14-5099-405B-9447-19A4DA5D9C06}.Release|Any CPU.ActiveCfg = Release|Any CPU
		{509C9A14-5099-405B-9447-19A4DA5D9C06}.Release|Any CPU.Build.0 = Release|Any CPU
		{509C9A14-5099-405B-9447-19A4DA5D9C06}.Release|ARM.ActiveCfg = Release|Any CPU
		{509C9A14-5099-405B-9447-19A4DA5D9C06}.Release|ARM.Build.0 = Release|Any CPU
		{509C9A14-5099-405B-9447-19A4DA5D9C06}.Release|iPhone.ActiveCfg = Release|Any CPU
		{509C9A14-5099-405B-9447-19A4DA5D9C06}.Release|iPhone.Build.0 = Release|Any CPU
		{509C9A14-5099-405B-9447-19A4DA5D9C06}.Release|iPhoneSimulator.ActiveCfg = Release|Any CPU
		{509C9A14-5099-405B-9447-19A4DA5D9C06}.Release|iPhoneSimulator.Build.0 = Release|Any CPU
		{509C9A14-5099-405B-9447-19A4DA5D9C06}.Release|x64.ActiveCfg = Release|Any CPU
		{509C9A14-5099-405B-9447-19A4DA5D9C06}.Release|x64.Build.0 = Release|Any CPU
		{509C9A14-5099-405B-9447-19A4DA5D9C06}.Release|x86.ActiveCfg = Release|Any CPU
		{509C9A14-5099-405B-9447-19A4DA5D9C06}.Release|x86.Build.0 = Release|Any CPU
		{CC2FFC1E-FE0C-4909-9D74-5CD696E32BDD}.Ad-Hoc|Any CPU.ActiveCfg = Release|Any CPU
		{CC2FFC1E-FE0C-4909-9D74-5CD696E32BDD}.Ad-Hoc|Any CPU.Build.0 = Release|Any CPU
		{CC2FFC1E-FE0C-4909-9D74-5CD696E32BDD}.Ad-Hoc|Any CPU.Deploy.0 = Release|Any CPU
		{CC2FFC1E-FE0C-4909-9D74-5CD696E32BDD}.Ad-Hoc|ARM.ActiveCfg = Release|Any CPU
		{CC2FFC1E-FE0C-4909-9D74-5CD696E32BDD}.Ad-Hoc|ARM.Build.0 = Release|Any CPU
		{CC2FFC1E-FE0C-4909-9D74-5CD696E32BDD}.Ad-Hoc|ARM.Deploy.0 = Release|Any CPU
		{CC2FFC1E-FE0C-4909-9D74-5CD696E32BDD}.Ad-Hoc|iPhone.ActiveCfg = Release|Any CPU
		{CC2FFC1E-FE0C-4909-9D74-5CD696E32BDD}.Ad-Hoc|iPhone.Build.0 = Release|Any CPU
		{CC2FFC1E-FE0C-4909-9D74-5CD696E32BDD}.Ad-Hoc|iPhone.Deploy.0 = Release|Any CPU
		{CC2FFC1E-FE0C-4909-9D74-5CD696E32BDD}.Ad-Hoc|iPhoneSimulator.ActiveCfg = Release|Any CPU
		{CC2FFC1E-FE0C-4909-9D74-5CD696E32BDD}.Ad-Hoc|iPhoneSimulator.Build.0 = Release|Any CPU
		{CC2FFC1E-FE0C-4909-9D74-5CD696E32BDD}.Ad-Hoc|iPhoneSimulator.Deploy.0 = Release|Any CPU
		{CC2FFC1E-FE0C-4909-9D74-5CD696E32BDD}.Ad-Hoc|x64.ActiveCfg = Release|Any CPU
		{CC2FFC1E-FE0C-4909-9D74-5CD696E32BDD}.Ad-Hoc|x64.Build.0 = Release|Any CPU
		{CC2FFC1E-FE0C-4909-9D74-5CD696E32BDD}.Ad-Hoc|x64.Deploy.0 = Release|Any CPU
		{CC2FFC1E-FE0C-4909-9D74-5CD696E32BDD}.Ad-Hoc|x86.ActiveCfg = Release|Any CPU
		{CC2FFC1E-FE0C-4909-9D74-5CD696E32BDD}.Ad-Hoc|x86.Build.0 = Release|Any CPU
		{CC2FFC1E-FE0C-4909-9D74-5CD696E32BDD}.Ad-Hoc|x86.Deploy.0 = Release|Any CPU
		{CC2FFC1E-FE0C-4909-9D74-5CD696E32BDD}.AppStore|Any CPU.ActiveCfg = Release|Any CPU
		{CC2FFC1E-FE0C-4909-9D74-5CD696E32BDD}.AppStore|Any CPU.Build.0 = Release|Any CPU
		{CC2FFC1E-FE0C-4909-9D74-5CD696E32BDD}.AppStore|Any CPU.Deploy.0 = Release|Any CPU
		{CC2FFC1E-FE0C-4909-9D74-5CD696E32BDD}.AppStore|ARM.ActiveCfg = Release|Any CPU
		{CC2FFC1E-FE0C-4909-9D74-5CD696E32BDD}.AppStore|ARM.Build.0 = Release|Any CPU
		{CC2FFC1E-FE0C-4909-9D74-5CD696E32BDD}.AppStore|ARM.Deploy.0 = Release|Any CPU
		{CC2FFC1E-FE0C-4909-9D74-5CD696E32BDD}.AppStore|iPhone.ActiveCfg = Release|Any CPU
		{CC2FFC1E-FE0C-4909-9D74-5CD696E32BDD}.AppStore|iPhone.Build.0 = Release|Any CPU
		{CC2FFC1E-FE0C-4909-9D74-5CD696E32BDD}.AppStore|iPhone.Deploy.0 = Release|Any CPU
		{CC2FFC1E-FE0C-4909-9D74-5CD696E32BDD}.AppStore|iPhoneSimulator.ActiveCfg = Release|Any CPU
		{CC2FFC1E-FE0C-4909-9D74-5CD696E32BDD}.AppStore|iPhoneSimulator.Build.0 = Release|Any CPU
		{CC2FFC1E-FE0C-4909-9D74-5CD696E32BDD}.AppStore|iPhoneSimulator.Deploy.0 = Release|Any CPU
		{CC2FFC1E-FE0C-4909-9D74-5CD696E32BDD}.AppStore|x64.ActiveCfg = Release|Any CPU
		{CC2FFC1E-FE0C-4909-9D74-5CD696E32BDD}.AppStore|x64.Build.0 = Release|Any CPU
		{CC2FFC1E-FE0C-4909-9D74-5CD696E32BDD}.AppStore|x64.Deploy.0 = Release|Any CPU
		{CC2FFC1E-FE0C-4909-9D74-5CD696E32BDD}.AppStore|x86.ActiveCfg = Release|Any CPU
		{CC2FFC1E-FE0C-4909-9D74-5CD696E32BDD}.AppStore|x86.Build.0 = Release|Any CPU
		{CC2FFC1E-FE0C-4909-9D74-5CD696E32BDD}.AppStore|x86.Deploy.0 = Release|Any CPU
		{CC2FFC1E-FE0C-4909-9D74-5CD696E32BDD}.Debug|Any CPU.ActiveCfg = Debug|Any CPU
		{CC2FFC1E-FE0C-4909-9D74-5CD696E32BDD}.Debug|Any CPU.Build.0 = Debug|Any CPU
		{CC2FFC1E-FE0C-4909-9D74-5CD696E32BDD}.Debug|Any CPU.Deploy.0 = Debug|Any CPU
		{CC2FFC1E-FE0C-4909-9D74-5CD696E32BDD}.Debug|ARM.ActiveCfg = Debug|Any CPU
		{CC2FFC1E-FE0C-4909-9D74-5CD696E32BDD}.Debug|ARM.Build.0 = Debug|Any CPU
		{CC2FFC1E-FE0C-4909-9D74-5CD696E32BDD}.Debug|ARM.Deploy.0 = Debug|Any CPU
		{CC2FFC1E-FE0C-4909-9D74-5CD696E32BDD}.Debug|iPhone.ActiveCfg = Debug|Any CPU
		{CC2FFC1E-FE0C-4909-9D74-5CD696E32BDD}.Debug|iPhone.Build.0 = Debug|Any CPU
		{CC2FFC1E-FE0C-4909-9D74-5CD696E32BDD}.Debug|iPhone.Deploy.0 = Debug|Any CPU
		{CC2FFC1E-FE0C-4909-9D74-5CD696E32BDD}.Debug|iPhoneSimulator.ActiveCfg = Debug|Any CPU
		{CC2FFC1E-FE0C-4909-9D74-5CD696E32BDD}.Debug|iPhoneSimulator.Build.0 = Debug|Any CPU
		{CC2FFC1E-FE0C-4909-9D74-5CD696E32BDD}.Debug|iPhoneSimulator.Deploy.0 = Debug|Any CPU
		{CC2FFC1E-FE0C-4909-9D74-5CD696E32BDD}.Debug|x64.ActiveCfg = Debug|Any CPU
		{CC2FFC1E-FE0C-4909-9D74-5CD696E32BDD}.Debug|x64.Build.0 = Debug|Any CPU
		{CC2FFC1E-FE0C-4909-9D74-5CD696E32BDD}.Debug|x64.Deploy.0 = Debug|Any CPU
		{CC2FFC1E-FE0C-4909-9D74-5CD696E32BDD}.Debug|x86.ActiveCfg = Debug|Any CPU
		{CC2FFC1E-FE0C-4909-9D74-5CD696E32BDD}.Debug|x86.Build.0 = Debug|Any CPU
		{CC2FFC1E-FE0C-4909-9D74-5CD696E32BDD}.Debug|x86.Deploy.0 = Debug|Any CPU
		{CC2FFC1E-FE0C-4909-9D74-5CD696E32BDD}.Release|Any CPU.ActiveCfg = Release|Any CPU
		{CC2FFC1E-FE0C-4909-9D74-5CD696E32BDD}.Release|Any CPU.Build.0 = Release|Any CPU
		{CC2FFC1E-FE0C-4909-9D74-5CD696E32BDD}.Release|Any CPU.Deploy.0 = Release|Any CPU
		{CC2FFC1E-FE0C-4909-9D74-5CD696E32BDD}.Release|ARM.ActiveCfg = Release|Any CPU
		{CC2FFC1E-FE0C-4909-9D74-5CD696E32BDD}.Release|ARM.Build.0 = Release|Any CPU
		{CC2FFC1E-FE0C-4909-9D74-5CD696E32BDD}.Release|ARM.Deploy.0 = Release|Any CPU
		{CC2FFC1E-FE0C-4909-9D74-5CD696E32BDD}.Release|iPhone.ActiveCfg = Release|Any CPU
		{CC2FFC1E-FE0C-4909-9D74-5CD696E32BDD}.Release|iPhone.Build.0 = Release|Any CPU
		{CC2FFC1E-FE0C-4909-9D74-5CD696E32BDD}.Release|iPhone.Deploy.0 = Release|Any CPU
		{CC2FFC1E-FE0C-4909-9D74-5CD696E32BDD}.Release|iPhoneSimulator.ActiveCfg = Release|Any CPU
		{CC2FFC1E-FE0C-4909-9D74-5CD696E32BDD}.Release|iPhoneSimulator.Build.0 = Release|Any CPU
		{CC2FFC1E-FE0C-4909-9D74-5CD696E32BDD}.Release|iPhoneSimulator.Deploy.0 = Release|Any CPU
		{CC2FFC1E-FE0C-4909-9D74-5CD696E32BDD}.Release|x64.ActiveCfg = Release|Any CPU
		{CC2FFC1E-FE0C-4909-9D74-5CD696E32BDD}.Release|x64.Build.0 = Release|Any CPU
		{CC2FFC1E-FE0C-4909-9D74-5CD696E32BDD}.Release|x64.Deploy.0 = Release|Any CPU
		{CC2FFC1E-FE0C-4909-9D74-5CD696E32BDD}.Release|x86.ActiveCfg = Release|Any CPU
		{CC2FFC1E-FE0C-4909-9D74-5CD696E32BDD}.Release|x86.Build.0 = Release|Any CPU
		{CC2FFC1E-FE0C-4909-9D74-5CD696E32BDD}.Release|x86.Deploy.0 = Release|Any CPU
		{C59B4400-406C-4259-932F-8B566F8BEBA5}.Ad-Hoc|Any CPU.ActiveCfg = Ad-Hoc|iPhone
		{C59B4400-406C-4259-932F-8B566F8BEBA5}.Ad-Hoc|ARM.ActiveCfg = Ad-Hoc|iPhone
		{C59B4400-406C-4259-932F-8B566F8BEBA5}.Ad-Hoc|iPhone.ActiveCfg = Ad-Hoc|iPhone
		{C59B4400-406C-4259-932F-8B566F8BEBA5}.Ad-Hoc|iPhone.Build.0 = Ad-Hoc|iPhone
		{C59B4400-406C-4259-932F-8B566F8BEBA5}.Ad-Hoc|iPhoneSimulator.ActiveCfg = Ad-Hoc|iPhoneSimulator
		{C59B4400-406C-4259-932F-8B566F8BEBA5}.Ad-Hoc|iPhoneSimulator.Build.0 = Ad-Hoc|iPhoneSimulator
		{C59B4400-406C-4259-932F-8B566F8BEBA5}.Ad-Hoc|x64.ActiveCfg = Ad-Hoc|iPhone
		{C59B4400-406C-4259-932F-8B566F8BEBA5}.Ad-Hoc|x86.ActiveCfg = Ad-Hoc|iPhone
		{C59B4400-406C-4259-932F-8B566F8BEBA5}.AppStore|Any CPU.ActiveCfg = AppStore|iPhone
		{C59B4400-406C-4259-932F-8B566F8BEBA5}.AppStore|ARM.ActiveCfg = AppStore|iPhone
		{C59B4400-406C-4259-932F-8B566F8BEBA5}.AppStore|iPhone.ActiveCfg = AppStore|iPhone
		{C59B4400-406C-4259-932F-8B566F8BEBA5}.AppStore|iPhone.Build.0 = AppStore|iPhone
		{C59B4400-406C-4259-932F-8B566F8BEBA5}.AppStore|iPhoneSimulator.ActiveCfg = AppStore|iPhoneSimulator
		{C59B4400-406C-4259-932F-8B566F8BEBA5}.AppStore|iPhoneSimulator.Build.0 = AppStore|iPhoneSimulator
		{C59B4400-406C-4259-932F-8B566F8BEBA5}.AppStore|x64.ActiveCfg = AppStore|iPhone
		{C59B4400-406C-4259-932F-8B566F8BEBA5}.AppStore|x86.ActiveCfg = AppStore|iPhone
		{C59B4400-406C-4259-932F-8B566F8BEBA5}.Debug|Any CPU.ActiveCfg = Debug|iPhone
		{C59B4400-406C-4259-932F-8B566F8BEBA5}.Debug|ARM.ActiveCfg = Debug|iPhone
		{C59B4400-406C-4259-932F-8B566F8BEBA5}.Debug|iPhone.ActiveCfg = Debug|iPhone
		{C59B4400-406C-4259-932F-8B566F8BEBA5}.Debug|iPhone.Build.0 = Debug|iPhone
		{C59B4400-406C-4259-932F-8B566F8BEBA5}.Debug|iPhoneSimulator.ActiveCfg = Debug|iPhoneSimulator
		{C59B4400-406C-4259-932F-8B566F8BEBA5}.Debug|iPhoneSimulator.Build.0 = Debug|iPhoneSimulator
		{C59B4400-406C-4259-932F-8B566F8BEBA5}.Debug|x64.ActiveCfg = Debug|iPhone
		{C59B4400-406C-4259-932F-8B566F8BEBA5}.Debug|x86.ActiveCfg = Debug|iPhone
		{C59B4400-406C-4259-932F-8B566F8BEBA5}.Release|Any CPU.ActiveCfg = Release|iPhone
		{C59B4400-406C-4259-932F-8B566F8BEBA5}.Release|ARM.ActiveCfg = Release|iPhone
		{C59B4400-406C-4259-932F-8B566F8BEBA5}.Release|iPhone.ActiveCfg = Release|iPhone
		{C59B4400-406C-4259-932F-8B566F8BEBA5}.Release|iPhone.Build.0 = Release|iPhone
		{C59B4400-406C-4259-932F-8B566F8BEBA5}.Release|iPhoneSimulator.ActiveCfg = Release|iPhoneSimulator
		{C59B4400-406C-4259-932F-8B566F8BEBA5}.Release|iPhoneSimulator.Build.0 = Release|iPhoneSimulator
		{C59B4400-406C-4259-932F-8B566F8BEBA5}.Release|x64.ActiveCfg = Release|iPhone
		{C59B4400-406C-4259-932F-8B566F8BEBA5}.Release|x86.ActiveCfg = Release|iPhone
		{B124BA3A-3C3B-4BFF-BDC2-C145A1609DCE}.Ad-Hoc|Any CPU.ActiveCfg = Release|x64
		{B124BA3A-3C3B-4BFF-BDC2-C145A1609DCE}.Ad-Hoc|Any CPU.Build.0 = Release|x64
		{B124BA3A-3C3B-4BFF-BDC2-C145A1609DCE}.Ad-Hoc|Any CPU.Deploy.0 = Release|x64
		{B124BA3A-3C3B-4BFF-BDC2-C145A1609DCE}.Ad-Hoc|ARM.ActiveCfg = Release|ARM
		{B124BA3A-3C3B-4BFF-BDC2-C145A1609DCE}.Ad-Hoc|ARM.Build.0 = Release|ARM
		{B124BA3A-3C3B-4BFF-BDC2-C145A1609DCE}.Ad-Hoc|ARM.Deploy.0 = Release|ARM
		{B124BA3A-3C3B-4BFF-BDC2-C145A1609DCE}.Ad-Hoc|iPhone.ActiveCfg = Release|x64
		{B124BA3A-3C3B-4BFF-BDC2-C145A1609DCE}.Ad-Hoc|iPhone.Build.0 = Release|x64
		{B124BA3A-3C3B-4BFF-BDC2-C145A1609DCE}.Ad-Hoc|iPhone.Deploy.0 = Release|x64
		{B124BA3A-3C3B-4BFF-BDC2-C145A1609DCE}.Ad-Hoc|iPhoneSimulator.ActiveCfg = Release|x64
		{B124BA3A-3C3B-4BFF-BDC2-C145A1609DCE}.Ad-Hoc|iPhoneSimulator.Build.0 = Release|x64
		{B124BA3A-3C3B-4BFF-BDC2-C145A1609DCE}.Ad-Hoc|iPhoneSimulator.Deploy.0 = Release|x64
		{B124BA3A-3C3B-4BFF-BDC2-C145A1609DCE}.Ad-Hoc|x64.ActiveCfg = Release|x64
		{B124BA3A-3C3B-4BFF-BDC2-C145A1609DCE}.Ad-Hoc|x64.Build.0 = Release|x64
		{B124BA3A-3C3B-4BFF-BDC2-C145A1609DCE}.Ad-Hoc|x64.Deploy.0 = Release|x64
		{B124BA3A-3C3B-4BFF-BDC2-C145A1609DCE}.Ad-Hoc|x86.ActiveCfg = Release|x86
		{B124BA3A-3C3B-4BFF-BDC2-C145A1609DCE}.Ad-Hoc|x86.Build.0 = Release|x86
		{B124BA3A-3C3B-4BFF-BDC2-C145A1609DCE}.Ad-Hoc|x86.Deploy.0 = Release|x86
		{B124BA3A-3C3B-4BFF-BDC2-C145A1609DCE}.AppStore|Any CPU.ActiveCfg = Release|x64
		{B124BA3A-3C3B-4BFF-BDC2-C145A1609DCE}.AppStore|Any CPU.Build.0 = Release|x64
		{B124BA3A-3C3B-4BFF-BDC2-C145A1609DCE}.AppStore|Any CPU.Deploy.0 = Release|x64
		{B124BA3A-3C3B-4BFF-BDC2-C145A1609DCE}.AppStore|ARM.ActiveCfg = Release|ARM
		{B124BA3A-3C3B-4BFF-BDC2-C145A1609DCE}.AppStore|ARM.Build.0 = Release|ARM
		{B124BA3A-3C3B-4BFF-BDC2-C145A1609DCE}.AppStore|ARM.Deploy.0 = Release|ARM
		{B124BA3A-3C3B-4BFF-BDC2-C145A1609DCE}.AppStore|iPhone.ActiveCfg = Release|x64
		{B124BA3A-3C3B-4BFF-BDC2-C145A1609DCE}.AppStore|iPhone.Build.0 = Release|x64
		{B124BA3A-3C3B-4BFF-BDC2-C145A1609DCE}.AppStore|iPhone.Deploy.0 = Release|x64
		{B124BA3A-3C3B-4BFF-BDC2-C145A1609DCE}.AppStore|iPhoneSimulator.ActiveCfg = Release|x64
		{B124BA3A-3C3B-4BFF-BDC2-C145A1609DCE}.AppStore|iPhoneSimulator.Build.0 = Release|x64
		{B124BA3A-3C3B-4BFF-BDC2-C145A1609DCE}.AppStore|iPhoneSimulator.Deploy.0 = Release|x64
		{B124BA3A-3C3B-4BFF-BDC2-C145A1609DCE}.AppStore|x64.ActiveCfg = Release|x64
		{B124BA3A-3C3B-4BFF-BDC2-C145A1609DCE}.AppStore|x64.Build.0 = Release|x64
		{B124BA3A-3C3B-4BFF-BDC2-C145A1609DCE}.AppStore|x64.Deploy.0 = Release|x64
		{B124BA3A-3C3B-4BFF-BDC2-C145A1609DCE}.AppStore|x86.ActiveCfg = Release|x86
		{B124BA3A-3C3B-4BFF-BDC2-C145A1609DCE}.AppStore|x86.Build.0 = Release|x86
		{B124BA3A-3C3B-4BFF-BDC2-C145A1609DCE}.AppStore|x86.Deploy.0 = Release|x86
		{B124BA3A-3C3B-4BFF-BDC2-C145A1609DCE}.Debug|Any CPU.ActiveCfg = Debug|x86
		{B124BA3A-3C3B-4BFF-BDC2-C145A1609DCE}.Debug|ARM.ActiveCfg = Debug|ARM
		{B124BA3A-3C3B-4BFF-BDC2-C145A1609DCE}.Debug|ARM.Build.0 = Debug|ARM
		{B124BA3A-3C3B-4BFF-BDC2-C145A1609DCE}.Debug|ARM.Deploy.0 = Debug|ARM
		{B124BA3A-3C3B-4BFF-BDC2-C145A1609DCE}.Debug|iPhone.ActiveCfg = Debug|x86
		{B124BA3A-3C3B-4BFF-BDC2-C145A1609DCE}.Debug|iPhoneSimulator.ActiveCfg = Debug|x86
		{B124BA3A-3C3B-4BFF-BDC2-C145A1609DCE}.Debug|x64.ActiveCfg = Debug|x64
		{B124BA3A-3C3B-4BFF-BDC2-C145A1609DCE}.Debug|x64.Build.0 = Debug|x64
		{B124BA3A-3C3B-4BFF-BDC2-C145A1609DCE}.Debug|x64.Deploy.0 = Debug|x64
		{B124BA3A-3C3B-4BFF-BDC2-C145A1609DCE}.Debug|x86.ActiveCfg = Debug|x86
		{B124BA3A-3C3B-4BFF-BDC2-C145A1609DCE}.Debug|x86.Build.0 = Debug|x86
		{B124BA3A-3C3B-4BFF-BDC2-C145A1609DCE}.Debug|x86.Deploy.0 = Debug|x86
		{B124BA3A-3C3B-4BFF-BDC2-C145A1609DCE}.Release|Any CPU.ActiveCfg = Release|x86
		{B124BA3A-3C3B-4BFF-BDC2-C145A1609DCE}.Release|ARM.ActiveCfg = Release|ARM
		{B124BA3A-3C3B-4BFF-BDC2-C145A1609DCE}.Release|ARM.Build.0 = Release|ARM
		{B124BA3A-3C3B-4BFF-BDC2-C145A1609DCE}.Release|ARM.Deploy.0 = Release|ARM
		{B124BA3A-3C3B-4BFF-BDC2-C145A1609DCE}.Release|iPhone.ActiveCfg = Release|x86
		{B124BA3A-3C3B-4BFF-BDC2-C145A1609DCE}.Release|iPhoneSimulator.ActiveCfg = Release|x86
		{B124BA3A-3C3B-4BFF-BDC2-C145A1609DCE}.Release|x64.ActiveCfg = Release|x64
		{B124BA3A-3C3B-4BFF-BDC2-C145A1609DCE}.Release|x64.Build.0 = Release|x64
		{B124BA3A-3C3B-4BFF-BDC2-C145A1609DCE}.Release|x64.Deploy.0 = Release|x64
		{B124BA3A-3C3B-4BFF-BDC2-C145A1609DCE}.Release|x86.ActiveCfg = Release|x86
		{B124BA3A-3C3B-4BFF-BDC2-C145A1609DCE}.Release|x86.Build.0 = Release|x86
		{B124BA3A-3C3B-4BFF-BDC2-C145A1609DCE}.Release|x86.Deploy.0 = Release|x86
		{EEAA4C38-5B53-4942-B740-BA7A686D2FE4}.Ad-Hoc|Any CPU.ActiveCfg = Release|Any CPU
		{EEAA4C38-5B53-4942-B740-BA7A686D2FE4}.Ad-Hoc|Any CPU.Build.0 = Release|Any CPU
		{EEAA4C38-5B53-4942-B740-BA7A686D2FE4}.Ad-Hoc|ARM.ActiveCfg = Release|Any CPU
		{EEAA4C38-5B53-4942-B740-BA7A686D2FE4}.Ad-Hoc|ARM.Build.0 = Release|Any CPU
		{EEAA4C38-5B53-4942-B740-BA7A686D2FE4}.Ad-Hoc|iPhone.ActiveCfg = Release|Any CPU
		{EEAA4C38-5B53-4942-B740-BA7A686D2FE4}.Ad-Hoc|iPhone.Build.0 = Release|Any CPU
		{EEAA4C38-5B53-4942-B740-BA7A686D2FE4}.Ad-Hoc|iPhoneSimulator.ActiveCfg = Release|Any CPU
		{EEAA4C38-5B53-4942-B740-BA7A686D2FE4}.Ad-Hoc|iPhoneSimulator.Build.0 = Release|Any CPU
		{EEAA4C38-5B53-4942-B740-BA7A686D2FE4}.Ad-Hoc|x64.ActiveCfg = Release|Any CPU
		{EEAA4C38-5B53-4942-B740-BA7A686D2FE4}.Ad-Hoc|x64.Build.0 = Release|Any CPU
		{EEAA4C38-5B53-4942-B740-BA7A686D2FE4}.Ad-Hoc|x86.ActiveCfg = Release|Any CPU
		{EEAA4C38-5B53-4942-B740-BA7A686D2FE4}.Ad-Hoc|x86.Build.0 = Release|Any CPU
		{EEAA4C38-5B53-4942-B740-BA7A686D2FE4}.AppStore|Any CPU.ActiveCfg = Release|Any CPU
		{EEAA4C38-5B53-4942-B740-BA7A686D2FE4}.AppStore|Any CPU.Build.0 = Release|Any CPU
		{EEAA4C38-5B53-4942-B740-BA7A686D2FE4}.AppStore|ARM.ActiveCfg = Release|Any CPU
		{EEAA4C38-5B53-4942-B740-BA7A686D2FE4}.AppStore|ARM.Build.0 = Release|Any CPU
		{EEAA4C38-5B53-4942-B740-BA7A686D2FE4}.AppStore|iPhone.ActiveCfg = Release|Any CPU
		{EEAA4C38-5B53-4942-B740-BA7A686D2FE4}.AppStore|iPhone.Build.0 = Release|Any CPU
		{EEAA4C38-5B53-4942-B740-BA7A686D2FE4}.AppStore|iPhoneSimulator.ActiveCfg = Release|Any CPU
		{EEAA4C38-5B53-4942-B740-BA7A686D2FE4}.AppStore|iPhoneSimulator.Build.0 = Release|Any CPU
		{EEAA4C38-5B53-4942-B740-BA7A686D2FE4}.AppStore|x64.ActiveCfg = Release|Any CPU
		{EEAA4C38-5B53-4942-B740-BA7A686D2FE4}.AppStore|x64.Build.0 = Release|Any CPU
		{EEAA4C38-5B53-4942-B740-BA7A686D2FE4}.AppStore|x86.ActiveCfg = Release|Any CPU
		{EEAA4C38-5B53-4942-B740-BA7A686D2FE4}.AppStore|x86.Build.0 = Release|Any CPU
		{EEAA4C38-5B53-4942-B740-BA7A686D2FE4}.Debug|Any CPU.ActiveCfg = Debug|Any CPU
		{EEAA4C38-5B53-4942-B740-BA7A686D2FE4}.Debug|Any CPU.Build.0 = Debug|Any CPU
		{EEAA4C38-5B53-4942-B740-BA7A686D2FE4}.Debug|ARM.ActiveCfg = Debug|Any CPU
		{EEAA4C38-5B53-4942-B740-BA7A686D2FE4}.Debug|ARM.Build.0 = Debug|Any CPU
		{EEAA4C38-5B53-4942-B740-BA7A686D2FE4}.Debug|iPhone.ActiveCfg = Debug|Any CPU
		{EEAA4C38-5B53-4942-B740-BA7A686D2FE4}.Debug|iPhone.Build.0 = Debug|Any CPU
		{EEAA4C38-5B53-4942-B740-BA7A686D2FE4}.Debug|iPhoneSimulator.ActiveCfg = Debug|Any CPU
		{EEAA4C38-5B53-4942-B740-BA7A686D2FE4}.Debug|iPhoneSimulator.Build.0 = Debug|Any CPU
		{EEAA4C38-5B53-4942-B740-BA7A686D2FE4}.Debug|x64.ActiveCfg = Debug|Any CPU
		{EEAA4C38-5B53-4942-B740-BA7A686D2FE4}.Debug|x64.Build.0 = Debug|Any CPU
		{EEAA4C38-5B53-4942-B740-BA7A686D2FE4}.Debug|x86.ActiveCfg = Debug|Any CPU
		{EEAA4C38-5B53-4942-B740-BA7A686D2FE4}.Debug|x86.Build.0 = Debug|Any CPU
		{EEAA4C38-5B53-4942-B740-BA7A686D2FE4}.Release|Any CPU.ActiveCfg = Release|Any CPU
		{EEAA4C38-5B53-4942-B740-BA7A686D2FE4}.Release|Any CPU.Build.0 = Release|Any CPU
		{EEAA4C38-5B53-4942-B740-BA7A686D2FE4}.Release|ARM.ActiveCfg = Release|Any CPU
		{EEAA4C38-5B53-4942-B740-BA7A686D2FE4}.Release|ARM.Build.0 = Release|Any CPU
		{EEAA4C38-5B53-4942-B740-BA7A686D2FE4}.Release|iPhone.ActiveCfg = Release|Any CPU
		{EEAA4C38-5B53-4942-B740-BA7A686D2FE4}.Release|iPhone.Build.0 = Release|Any CPU
		{EEAA4C38-5B53-4942-B740-BA7A686D2FE4}.Release|iPhoneSimulator.ActiveCfg = Release|Any CPU
		{EEAA4C38-5B53-4942-B740-BA7A686D2FE4}.Release|iPhoneSimulator.Build.0 = Release|Any CPU
		{EEAA4C38-5B53-4942-B740-BA7A686D2FE4}.Release|x64.ActiveCfg = Release|Any CPU
		{EEAA4C38-5B53-4942-B740-BA7A686D2FE4}.Release|x64.Build.0 = Release|Any CPU
		{EEAA4C38-5B53-4942-B740-BA7A686D2FE4}.Release|x86.ActiveCfg = Release|Any CPU
		{EEAA4C38-5B53-4942-B740-BA7A686D2FE4}.Release|x86.Build.0 = Release|Any CPU
		{D8577040-B009-440E-81A5-D8DA47839AF8}.Ad-Hoc|Any CPU.ActiveCfg = Release|Any CPU
		{D8577040-B009-440E-81A5-D8DA47839AF8}.Ad-Hoc|Any CPU.Build.0 = Release|Any CPU
		{D8577040-B009-440E-81A5-D8DA47839AF8}.Ad-Hoc|ARM.ActiveCfg = Release|Any CPU
		{D8577040-B009-440E-81A5-D8DA47839AF8}.Ad-Hoc|ARM.Build.0 = Release|Any CPU
		{D8577040-B009-440E-81A5-D8DA47839AF8}.Ad-Hoc|iPhone.ActiveCfg = Release|Any CPU
		{D8577040-B009-440E-81A5-D8DA47839AF8}.Ad-Hoc|iPhone.Build.0 = Release|Any CPU
		{D8577040-B009-440E-81A5-D8DA47839AF8}.Ad-Hoc|iPhoneSimulator.ActiveCfg = Release|Any CPU
		{D8577040-B009-440E-81A5-D8DA47839AF8}.Ad-Hoc|iPhoneSimulator.Build.0 = Release|Any CPU
		{D8577040-B009-440E-81A5-D8DA47839AF8}.Ad-Hoc|x64.ActiveCfg = Release|Any CPU
		{D8577040-B009-440E-81A5-D8DA47839AF8}.Ad-Hoc|x64.Build.0 = Release|Any CPU
		{D8577040-B009-440E-81A5-D8DA47839AF8}.Ad-Hoc|x86.ActiveCfg = Release|Any CPU
		{D8577040-B009-440E-81A5-D8DA47839AF8}.Ad-Hoc|x86.Build.0 = Release|Any CPU
		{D8577040-B009-440E-81A5-D8DA47839AF8}.AppStore|Any CPU.ActiveCfg = Release|Any CPU
		{D8577040-B009-440E-81A5-D8DA47839AF8}.AppStore|Any CPU.Build.0 = Release|Any CPU
		{D8577040-B009-440E-81A5-D8DA47839AF8}.AppStore|ARM.ActiveCfg = Release|Any CPU
		{D8577040-B009-440E-81A5-D8DA47839AF8}.AppStore|ARM.Build.0 = Release|Any CPU
		{D8577040-B009-440E-81A5-D8DA47839AF8}.AppStore|iPhone.ActiveCfg = Release|Any CPU
		{D8577040-B009-440E-81A5-D8DA47839AF8}.AppStore|iPhone.Build.0 = Release|Any CPU
		{D8577040-B009-440E-81A5-D8DA47839AF8}.AppStore|iPhoneSimulator.ActiveCfg = Release|Any CPU
		{D8577040-B009-440E-81A5-D8DA47839AF8}.AppStore|iPhoneSimulator.Build.0 = Release|Any CPU
		{D8577040-B009-440E-81A5-D8DA47839AF8}.AppStore|x64.ActiveCfg = Release|Any CPU
		{D8577040-B009-440E-81A5-D8DA47839AF8}.AppStore|x64.Build.0 = Release|Any CPU
		{D8577040-B009-440E-81A5-D8DA47839AF8}.AppStore|x86.ActiveCfg = Release|Any CPU
		{D8577040-B009-440E-81A5-D8DA47839AF8}.AppStore|x86.Build.0 = Release|Any CPU
		{D8577040-B009-440E-81A5-D8DA47839AF8}.Debug|Any CPU.ActiveCfg = Debug|Any CPU
		{D8577040-B009-440E-81A5-D8DA47839AF8}.Debug|Any CPU.Build.0 = Debug|Any CPU
		{D8577040-B009-440E-81A5-D8DA47839AF8}.Debug|ARM.ActiveCfg = Debug|Any CPU
		{D8577040-B009-440E-81A5-D8DA47839AF8}.Debug|ARM.Build.0 = Debug|Any CPU
		{D8577040-B009-440E-81A5-D8DA47839AF8}.Debug|iPhone.ActiveCfg = Debug|Any CPU
		{D8577040-B009-440E-81A5-D8DA47839AF8}.Debug|iPhone.Build.0 = Debug|Any CPU
		{D8577040-B009-440E-81A5-D8DA47839AF8}.Debug|iPhoneSimulator.ActiveCfg = Debug|Any CPU
		{D8577040-B009-440E-81A5-D8DA47839AF8}.Debug|iPhoneSimulator.Build.0 = Debug|Any CPU
		{D8577040-B009-440E-81A5-D8DA47839AF8}.Debug|x64.ActiveCfg = Debug|Any CPU
		{D8577040-B009-440E-81A5-D8DA47839AF8}.Debug|x64.Build.0 = Debug|Any CPU
		{D8577040-B009-440E-81A5-D8DA47839AF8}.Debug|x86.ActiveCfg = Debug|Any CPU
		{D8577040-B009-440E-81A5-D8DA47839AF8}.Debug|x86.Build.0 = Debug|Any CPU
		{D8577040-B009-440E-81A5-D8DA47839AF8}.Release|Any CPU.ActiveCfg = Release|Any CPU
		{D8577040-B009-440E-81A5-D8DA47839AF8}.Release|Any CPU.Build.0 = Release|Any CPU
		{D8577040-B009-440E-81A5-D8DA47839AF8}.Release|ARM.ActiveCfg = Release|Any CPU
		{D8577040-B009-440E-81A5-D8DA47839AF8}.Release|ARM.Build.0 = Release|Any CPU
		{D8577040-B009-440E-81A5-D8DA47839AF8}.Release|iPhone.ActiveCfg = Release|Any CPU
		{D8577040-B009-440E-81A5-D8DA47839AF8}.Release|iPhone.Build.0 = Release|Any CPU
		{D8577040-B009-440E-81A5-D8DA47839AF8}.Release|iPhoneSimulator.ActiveCfg = Release|Any CPU
		{D8577040-B009-440E-81A5-D8DA47839AF8}.Release|iPhoneSimulator.Build.0 = Release|Any CPU
		{D8577040-B009-440E-81A5-D8DA47839AF8}.Release|x64.ActiveCfg = Release|Any CPU
		{D8577040-B009-440E-81A5-D8DA47839AF8}.Release|x64.Build.0 = Release|Any CPU
		{D8577040-B009-440E-81A5-D8DA47839AF8}.Release|x86.ActiveCfg = Release|Any CPU
		{D8577040-B009-440E-81A5-D8DA47839AF8}.Release|x86.Build.0 = Release|Any CPU
	EndGlobalSection
	GlobalSection(SolutionProperties) = preSolution
		HideSolutionNode = FALSE
	EndGlobalSection
	GlobalSection(NestedProjects) = preSolution
		{509C9A14-5099-405B-9447-19A4DA5D9C06} = {E5304575-2E0D-470D-9DE8-41036F0BCA9D}
		{CC2FFC1E-FE0C-4909-9D74-5CD696E32BDD} = {E5304575-2E0D-470D-9DE8-41036F0BCA9D}
		{C59B4400-406C-4259-932F-8B566F8BEBA5} = {E5304575-2E0D-470D-9DE8-41036F0BCA9D}
		{B124BA3A-3C3B-4BFF-BDC2-C145A1609DCE} = {E5304575-2E0D-470D-9DE8-41036F0BCA9D}
		{EEAA4C38-5B53-4942-B740-BA7A686D2FE4} = {040698EB-37C8-4CF2-91A6-8FA1CD8E066B}
		{D8577040-B009-440E-81A5-D8DA47839AF8} = {040698EB-37C8-4CF2-91A6-8FA1CD8E066B}
	EndGlobalSection
	GlobalSection(ExtensibilityGlobals) = postSolution
		SolutionGuid = {C4C7C3E3-62D1-4A31-88C0-CB24A404EE67}
	EndGlobalSection
EndGlobal
